// !$*UTF8*$!
{
	archiveVersion = 1;
	classes = {
	};
	objectVersion = 60;
	objects = {

/* Begin PBXBuildFile section */
		B4B5C6A3EE702BFF8CF4FA49 /* Pods_AppBackFrontNFT.framework in Frameworks */ = {isa = PBXBuildFile; fileRef = FB5F0FB87CF58F63CD216BC0 /* Pods_AppBackFrontNFT.framework */; };
		E00DD8AB2B46E5E800851658 /* LatestTransactionTableViewCell.swift in Sources */ = {isa = PBXBuildFile; fileRef = E00DD8AA2B46E5E800851658 /* LatestTransactionTableViewCell.swift */; };
		E00DD8AD2B46E65D00851658 /* LatestTransactionsTableViewCellViewModel.swift in Sources */ = {isa = PBXBuildFile; fileRef = E00DD8AC2B46E65D00851658 /* LatestTransactionsTableViewCellViewModel.swift */; };
		E00DD8B02B46F0E100851658 /* ListOFTransactionTableViewCell.swift in Sources */ = {isa = PBXBuildFile; fileRef = E00DD8AF2B46F0E100851658 /* ListOFTransactionTableViewCell.swift */; };
		E02D17B12B419E5800D062BE /* NftDescriptionTableViewCell.swift in Sources */ = {isa = PBXBuildFile; fileRef = E02D17B02B419E5800D062BE /* NftDescriptionTableViewCell.swift */; };
		E02D17B32B41AFCF00D062BE /* String+Extensions.swift in Sources */ = {isa = PBXBuildFile; fileRef = E02D17B22B41AFCF00D062BE /* String+Extensions.swift */; };
		E030C1002B2259B000046C38 /* HomeViewController.swift in Sources */ = {isa = PBXBuildFile; fileRef = E030C0FF2B2259B000046C38 /* HomeViewController.swift */; };
		E030C1022B23261200046C38 /* GoogleService-Info.plist in Resources */ = {isa = PBXBuildFile; fileRef = E030C1012B23261200046C38 /* GoogleService-Info.plist */; };
		E030C1052B23270100046C38 /* FirebaseAnalytics in Frameworks */ = {isa = PBXBuildFile; productRef = E030C1042B23270100046C38 /* FirebaseAnalytics */; };
		E030C1072B23270100046C38 /* FirebaseAnalyticsOnDeviceConversion in Frameworks */ = {isa = PBXBuildFile; productRef = E030C1062B23270100046C38 /* FirebaseAnalyticsOnDeviceConversion */; };
		E030C1092B23270100046C38 /* FirebaseAnalyticsSwift in Frameworks */ = {isa = PBXBuildFile; productRef = E030C1082B23270100046C38 /* FirebaseAnalyticsSwift */; };
		E030C10B2B23270100046C38 /* FirebaseAnalyticsWithoutAdIdSupport in Frameworks */ = {isa = PBXBuildFile; productRef = E030C10A2B23270100046C38 /* FirebaseAnalyticsWithoutAdIdSupport */; };
		E030C10D2B23270100046C38 /* FirebaseAppCheck in Frameworks */ = {isa = PBXBuildFile; productRef = E030C10C2B23270100046C38 /* FirebaseAppCheck */; };
		E030C10F2B23270100046C38 /* FirebaseAppDistribution-Beta in Frameworks */ = {isa = PBXBuildFile; productRef = E030C10E2B23270100046C38 /* FirebaseAppDistribution-Beta */; };
		E030C1112B23270100046C38 /* FirebaseAuth in Frameworks */ = {isa = PBXBuildFile; productRef = E030C1102B23270100046C38 /* FirebaseAuth */; };
		E030C1132B23270100046C38 /* FirebaseAuthCombine-Community in Frameworks */ = {isa = PBXBuildFile; productRef = E030C1122B23270100046C38 /* FirebaseAuthCombine-Community */; };
		E030C1152B23270100046C38 /* FirebaseCrashlytics in Frameworks */ = {isa = PBXBuildFile; productRef = E030C1142B23270100046C38 /* FirebaseCrashlytics */; };
		E030C1172B23270100046C38 /* FirebaseDatabase in Frameworks */ = {isa = PBXBuildFile; productRef = E030C1162B23270100046C38 /* FirebaseDatabase */; };
		E030C1192B23270100046C38 /* FirebaseDatabaseSwift in Frameworks */ = {isa = PBXBuildFile; productRef = E030C1182B23270100046C38 /* FirebaseDatabaseSwift */; };
		E030C11B2B23270100046C38 /* FirebaseDynamicLinks in Frameworks */ = {isa = PBXBuildFile; productRef = E030C11A2B23270100046C38 /* FirebaseDynamicLinks */; };
		E030C11D2B23270100046C38 /* FirebaseFirestore in Frameworks */ = {isa = PBXBuildFile; productRef = E030C11C2B23270100046C38 /* FirebaseFirestore */; };
		E030C11F2B23270100046C38 /* FirebaseFirestoreCombine-Community in Frameworks */ = {isa = PBXBuildFile; productRef = E030C11E2B23270100046C38 /* FirebaseFirestoreCombine-Community */; };
		E030C1212B23270100046C38 /* FirebaseFirestoreSwift in Frameworks */ = {isa = PBXBuildFile; productRef = E030C1202B23270100046C38 /* FirebaseFirestoreSwift */; };
		E030C1232B23270100046C38 /* FirebaseFunctions in Frameworks */ = {isa = PBXBuildFile; productRef = E030C1222B23270100046C38 /* FirebaseFunctions */; };
		E030C1252B23270100046C38 /* FirebaseFunctionsCombine-Community in Frameworks */ = {isa = PBXBuildFile; productRef = E030C1242B23270100046C38 /* FirebaseFunctionsCombine-Community */; };
		E030C1272B23270100046C38 /* FirebaseInAppMessaging-Beta in Frameworks */ = {isa = PBXBuildFile; productRef = E030C1262B23270100046C38 /* FirebaseInAppMessaging-Beta */; };
		E030C1292B23270100046C38 /* FirebaseInAppMessagingSwift-Beta in Frameworks */ = {isa = PBXBuildFile; productRef = E030C1282B23270100046C38 /* FirebaseInAppMessagingSwift-Beta */; };
		E030C12B2B23270100046C38 /* FirebaseInstallations in Frameworks */ = {isa = PBXBuildFile; productRef = E030C12A2B23270100046C38 /* FirebaseInstallations */; };
		E030C12D2B23270100046C38 /* FirebaseMLModelDownloader in Frameworks */ = {isa = PBXBuildFile; productRef = E030C12C2B23270100046C38 /* FirebaseMLModelDownloader */; };
		E030C12F2B23270100046C38 /* FirebaseMessaging in Frameworks */ = {isa = PBXBuildFile; productRef = E030C12E2B23270100046C38 /* FirebaseMessaging */; };
		E030C1312B23270100046C38 /* FirebasePerformance in Frameworks */ = {isa = PBXBuildFile; productRef = E030C1302B23270100046C38 /* FirebasePerformance */; };
		E030C1332B23270100046C38 /* FirebaseRemoteConfig in Frameworks */ = {isa = PBXBuildFile; productRef = E030C1322B23270100046C38 /* FirebaseRemoteConfig */; };
		E030C1352B23270100046C38 /* FirebaseRemoteConfigSwift in Frameworks */ = {isa = PBXBuildFile; productRef = E030C1342B23270100046C38 /* FirebaseRemoteConfigSwift */; };
		E030C1372B23270100046C38 /* FirebaseStorage in Frameworks */ = {isa = PBXBuildFile; productRef = E030C1362B23270100046C38 /* FirebaseStorage */; };
		E030C1392B23270100046C38 /* FirebaseStorageCombine-Community in Frameworks */ = {isa = PBXBuildFile; productRef = E030C1382B23270100046C38 /* FirebaseStorageCombine-Community */; };
		E030C13B2B23294100046C38 /* UIViewControllew+Extensions.swift in Sources */ = {isa = PBXBuildFile; fileRef = E030C13A2B23294100046C38 /* UIViewControllew+Extensions.swift */; };
		E030C13E2B277F9200046C38 /* Loady in Frameworks */ = {isa = PBXBuildFile; productRef = E030C13D2B277F9200046C38 /* Loady */; };
		E04B2B262B30D379001153B3 /* HomeViewModel.swift in Sources */ = {isa = PBXBuildFile; fileRef = E04B2B252B30D379001153B3 /* HomeViewModel.swift */; };
		E04B2B282B31CFAA001153B3 /* GenericService.swift in Sources */ = {isa = PBXBuildFile; fileRef = E04B2B272B31CFAA001153B3 /* GenericService.swift */; };
		E04B2B2A2B31D0F1001153B3 /* HomeService.swift in Sources */ = {isa = PBXBuildFile; fileRef = E04B2B292B31D0F1001153B3 /* HomeService.swift */; };
		E04B2B2D2B31D58B001153B3 /* HomeData.json in Resources */ = {isa = PBXBuildFile; fileRef = E04B2B2C2B31D58B001153B3 /* HomeData.json */; };
		E04B2B302B31D675001153B3 /* NFTData.swift in Sources */ = {isa = PBXBuildFile; fileRef = E04B2B2F2B31D675001153B3 /* NFTData.swift */; };
		E04B2B372B346B5F001153B3 /* HomeTableViewCell.swift in Sources */ = {isa = PBXBuildFile; fileRef = E04B2B362B346B5F001153B3 /* HomeTableViewCell.swift */; };
		E04B2B392B346B6E001153B3 /* HomeCollectionViewCell.swift in Sources */ = {isa = PBXBuildFile; fileRef = E04B2B382B346B6E001153B3 /* HomeCollectionViewCell.swift */; };
		E05248C02B17733900E8260C /* AppDelegate.swift in Sources */ = {isa = PBXBuildFile; fileRef = E05248BF2B17733900E8260C /* AppDelegate.swift */; };
		E05248C22B17733900E8260C /* SceneDelegate.swift in Sources */ = {isa = PBXBuildFile; fileRef = E05248C12B17733900E8260C /* SceneDelegate.swift */; };
		E05248C42B17733900E8260C /* LoginViewController.swift in Sources */ = {isa = PBXBuildFile; fileRef = E05248C32B17733900E8260C /* LoginViewController.swift */; };
		E05248C92B17733B00E8260C /* Assets.xcassets in Resources */ = {isa = PBXBuildFile; fileRef = E05248C82B17733B00E8260C /* Assets.xcassets */; };
		E05248CC2B17733B00E8260C /* LaunchScreen.storyboard in Resources */ = {isa = PBXBuildFile; fileRef = E05248CA2B17733B00E8260C /* LaunchScreen.storyboard */; };
		E05248D72B17766B00E8260C /* ViewCode.swift in Sources */ = {isa = PBXBuildFile; fileRef = E05248D62B17766B00E8260C /* ViewCode.swift */; };
		E05248DA2B1777A200E8260C /* UIView+Extensions.swift in Sources */ = {isa = PBXBuildFile; fileRef = E05248D92B1777A200E8260C /* UIView+Extensions.swift */; };
		E063CE5D2B482D8A001FB63F /* ProfileViewController.swift in Sources */ = {isa = PBXBuildFile; fileRef = E063CE5C2B482D8A001FB63F /* ProfileViewController.swift */; };
		E063CE5F2B482F7A001FB63F /* ProfileImageTableViewCell.swift in Sources */ = {isa = PBXBuildFile; fileRef = E063CE5E2B482F7A001FB63F /* ProfileImageTableViewCell.swift */; };
		E063CE612B4847A9001FB63F /* ProfileTableViewCell.swift in Sources */ = {isa = PBXBuildFile; fileRef = E063CE602B4847A9001FB63F /* ProfileTableViewCell.swift */; };
		E06FBD132B41EB7300D41345 /* LastestDealTableViewCell.swift in Sources */ = {isa = PBXBuildFile; fileRef = E06FBD122B41EB7300D41345 /* LastestDealTableViewCell.swift */; };
		E06FBD162B41EBCC00D41345 /* LastestDealTableViewCellViewModel.swift in Sources */ = {isa = PBXBuildFile; fileRef = E06FBD152B41EBCC00D41345 /* LastestDealTableViewCellViewModel.swift */; };
		E06FBD192B41F8CB00D41345 /* ListOffersTableViewCell.swift in Sources */ = {isa = PBXBuildFile; fileRef = E06FBD182B41F8CB00D41345 /* ListOffersTableViewCell.swift */; };
		E06FBD1B2B431C6100D41345 /* CACornerMask+Extensions.swift in Sources */ = {isa = PBXBuildFile; fileRef = E06FBD1A2B431C6100D41345 /* CACornerMask+Extensions.swift */; };
		E06FBD212B4338AE00D41345 /* MagnifyingGlassViewController.swift in Sources */ = {isa = PBXBuildFile; fileRef = E06FBD202B4338AE00D41345 /* MagnifyingGlassViewController.swift */; };
		E06FBD292B434FA300D41345 /* MagnifyingGlassView.swift in Sources */ = {isa = PBXBuildFile; fileRef = E06FBD282B434FA300D41345 /* MagnifyingGlassView.swift */; };
		E07478FE2B40870100E04FE4 /* NftDetailViewController.swift in Sources */ = {isa = PBXBuildFile; fileRef = E07478FD2B40870100E04FE4 /* NftDetailViewController.swift */; };
		E07479002B40875300E04FE4 /* NftDetailViewModel.swift in Sources */ = {isa = PBXBuildFile; fileRef = E07478FF2B40875300E04FE4 /* NftDetailViewModel.swift */; };
		E07479022B40B13F00E04FE4 /* NftDetailTableViewCell.swift in Sources */ = {isa = PBXBuildFile; fileRef = E07479012B40B13F00E04FE4 /* NftDetailTableViewCell.swift */; };
		E0B8A9852B444A9500A9E6F2 /* WalletViewController.swift in Sources */ = {isa = PBXBuildFile; fileRef = E0B8A9842B444A9500A9E6F2 /* WalletViewController.swift */; };
		E0B8A9872B444D1900A9E6F2 /* WalletViewModel.swift in Sources */ = {isa = PBXBuildFile; fileRef = E0B8A9862B444D1900A9E6F2 /* WalletViewModel.swift */; };
		E0B8A9892B444D4100A9E6F2 /* WalletService.swift in Sources */ = {isa = PBXBuildFile; fileRef = E0B8A9882B444D4100A9E6F2 /* WalletService.swift */; };
		E0B8A98B2B4459A800A9E6F2 /* WalletData.json in Resources */ = {isa = PBXBuildFile; fileRef = E0B8A98A2B4459A800A9E6F2 /* WalletData.json */; };
		E0B8A98D2B44688B00A9E6F2 /* WalletData.swift in Sources */ = {isa = PBXBuildFile; fileRef = E0B8A98C2B44688B00A9E6F2 /* WalletData.swift */; };
		E0BE82722B458F5100A81BCB /* QuotationEthTableViewCell.swift in Sources */ = {isa = PBXBuildFile; fileRef = E0BE82712B458F5100A81BCB /* QuotationEthTableViewCell.swift */; };
		E0C9C33D2B1E61FC004D347C /* Colors.swift in Sources */ = {isa = PBXBuildFile; fileRef = E0C9C33C2B1E61FC004D347C /* Colors.swift */; };
		E0C9C33F2B20A362004D347C /* LoginViewModel.swift in Sources */ = {isa = PBXBuildFile; fileRef = E0C9C33E2B20A362004D347C /* LoginViewModel.swift */; };
		E0FB0CBC2B29FF2900A12669 /* TabBarController.swift in Sources */ = {isa = PBXBuildFile; fileRef = E0FB0CBB2B29FF2900A12669 /* TabBarController.swift */; };
/* End PBXBuildFile section */

/* Begin PBXFileReference section */
		D69F8F2C8494100C0B2607D5 /* Pods-AppBackFrontNFT.debug.xcconfig */ = {isa = PBXFileReference; includeInIndex = 1; lastKnownFileType = text.xcconfig; name = "Pods-AppBackFrontNFT.debug.xcconfig"; path = "Target Support Files/Pods-AppBackFrontNFT/Pods-AppBackFrontNFT.debug.xcconfig"; sourceTree = "<group>"; };
		E00DD8AA2B46E5E800851658 /* LatestTransactionTableViewCell.swift */ = {isa = PBXFileReference; lastKnownFileType = sourcecode.swift; path = LatestTransactionTableViewCell.swift; sourceTree = "<group>"; };
		E00DD8AC2B46E65D00851658 /* LatestTransactionsTableViewCellViewModel.swift */ = {isa = PBXFileReference; lastKnownFileType = sourcecode.swift; path = LatestTransactionsTableViewCellViewModel.swift; sourceTree = "<group>"; };
		E00DD8AF2B46F0E100851658 /* ListOFTransactionTableViewCell.swift */ = {isa = PBXFileReference; lastKnownFileType = sourcecode.swift; path = ListOFTransactionTableViewCell.swift; sourceTree = "<group>"; };
		E02D17B02B419E5800D062BE /* NftDescriptionTableViewCell.swift */ = {isa = PBXFileReference; lastKnownFileType = sourcecode.swift; path = NftDescriptionTableViewCell.swift; sourceTree = "<group>"; };
		E02D17B22B41AFCF00D062BE /* String+Extensions.swift */ = {isa = PBXFileReference; lastKnownFileType = sourcecode.swift; path = "String+Extensions.swift"; sourceTree = "<group>"; };
		E030C0FF2B2259B000046C38 /* HomeViewController.swift */ = {isa = PBXFileReference; lastKnownFileType = sourcecode.swift; path = HomeViewController.swift; sourceTree = "<group>"; };
		E030C1012B23261200046C38 /* GoogleService-Info.plist */ = {isa = PBXFileReference; fileEncoding = 4; lastKnownFileType = text.plist.xml; path = "GoogleService-Info.plist"; sourceTree = "<group>"; };
		E030C13A2B23294100046C38 /* UIViewControllew+Extensions.swift */ = {isa = PBXFileReference; lastKnownFileType = sourcecode.swift; path = "UIViewControllew+Extensions.swift"; sourceTree = "<group>"; };
		E04B2B252B30D379001153B3 /* HomeViewModel.swift */ = {isa = PBXFileReference; lastKnownFileType = sourcecode.swift; path = HomeViewModel.swift; sourceTree = "<group>"; };
		E04B2B272B31CFAA001153B3 /* GenericService.swift */ = {isa = PBXFileReference; lastKnownFileType = sourcecode.swift; path = GenericService.swift; sourceTree = "<group>"; };
		E04B2B292B31D0F1001153B3 /* HomeService.swift */ = {isa = PBXFileReference; lastKnownFileType = sourcecode.swift; path = HomeService.swift; sourceTree = "<group>"; };
		E04B2B2C2B31D58B001153B3 /* HomeData.json */ = {isa = PBXFileReference; fileEncoding = 4; lastKnownFileType = text.json; path = HomeData.json; sourceTree = "<group>"; };
		E04B2B2F2B31D675001153B3 /* NFTData.swift */ = {isa = PBXFileReference; fileEncoding = 4; lastKnownFileType = sourcecode.swift; path = NFTData.swift; sourceTree = "<group>"; };
		E04B2B362B346B5F001153B3 /* HomeTableViewCell.swift */ = {isa = PBXFileReference; lastKnownFileType = sourcecode.swift; path = HomeTableViewCell.swift; sourceTree = "<group>"; };
		E04B2B382B346B6E001153B3 /* HomeCollectionViewCell.swift */ = {isa = PBXFileReference; lastKnownFileType = sourcecode.swift; path = HomeCollectionViewCell.swift; sourceTree = "<group>"; };
		E05248BC2B17733900E8260C /* AppBackFrontNFT.app */ = {isa = PBXFileReference; explicitFileType = wrapper.application; includeInIndex = 0; path = AppBackFrontNFT.app; sourceTree = BUILT_PRODUCTS_DIR; };
		E05248BF2B17733900E8260C /* AppDelegate.swift */ = {isa = PBXFileReference; lastKnownFileType = sourcecode.swift; path = AppDelegate.swift; sourceTree = "<group>"; };
		E05248C12B17733900E8260C /* SceneDelegate.swift */ = {isa = PBXFileReference; lastKnownFileType = sourcecode.swift; path = SceneDelegate.swift; sourceTree = "<group>"; };
		E05248C32B17733900E8260C /* LoginViewController.swift */ = {isa = PBXFileReference; lastKnownFileType = sourcecode.swift; path = LoginViewController.swift; sourceTree = "<group>"; };
		E05248C82B17733B00E8260C /* Assets.xcassets */ = {isa = PBXFileReference; lastKnownFileType = folder.assetcatalog; path = Assets.xcassets; sourceTree = "<group>"; };
		E05248CB2B17733B00E8260C /* Base */ = {isa = PBXFileReference; lastKnownFileType = file.storyboard; name = Base; path = Base.lproj/LaunchScreen.storyboard; sourceTree = "<group>"; };
		E05248CD2B17733B00E8260C /* Info.plist */ = {isa = PBXFileReference; lastKnownFileType = text.plist.xml; path = Info.plist; sourceTree = "<group>"; };
		E05248D62B17766B00E8260C /* ViewCode.swift */ = {isa = PBXFileReference; lastKnownFileType = sourcecode.swift; path = ViewCode.swift; sourceTree = "<group>"; };
		E05248D92B1777A200E8260C /* UIView+Extensions.swift */ = {isa = PBXFileReference; lastKnownFileType = sourcecode.swift; path = "UIView+Extensions.swift"; sourceTree = "<group>"; };
		E063CE5C2B482D8A001FB63F /* ProfileViewController.swift */ = {isa = PBXFileReference; lastKnownFileType = sourcecode.swift; path = ProfileViewController.swift; sourceTree = "<group>"; };
		E063CE5E2B482F7A001FB63F /* ProfileImageTableViewCell.swift */ = {isa = PBXFileReference; lastKnownFileType = sourcecode.swift; path = ProfileImageTableViewCell.swift; sourceTree = "<group>"; };
		E063CE602B4847A9001FB63F /* ProfileTableViewCell.swift */ = {isa = PBXFileReference; lastKnownFileType = sourcecode.swift; path = ProfileTableViewCell.swift; sourceTree = "<group>"; };
		E06FBD122B41EB7300D41345 /* LastestDealTableViewCell.swift */ = {isa = PBXFileReference; lastKnownFileType = sourcecode.swift; path = LastestDealTableViewCell.swift; sourceTree = "<group>"; };
		E06FBD152B41EBCC00D41345 /* LastestDealTableViewCellViewModel.swift */ = {isa = PBXFileReference; lastKnownFileType = sourcecode.swift; path = LastestDealTableViewCellViewModel.swift; sourceTree = "<group>"; };
		E06FBD182B41F8CB00D41345 /* ListOffersTableViewCell.swift */ = {isa = PBXFileReference; lastKnownFileType = sourcecode.swift; path = ListOffersTableViewCell.swift; sourceTree = "<group>"; };
		E06FBD1A2B431C6100D41345 /* CACornerMask+Extensions.swift */ = {isa = PBXFileReference; lastKnownFileType = sourcecode.swift; path = "CACornerMask+Extensions.swift"; sourceTree = "<group>"; };
		E06FBD202B4338AE00D41345 /* MagnifyingGlassViewController.swift */ = {isa = PBXFileReference; lastKnownFileType = sourcecode.swift; path = MagnifyingGlassViewController.swift; sourceTree = "<group>"; };
		E06FBD282B434FA300D41345 /* MagnifyingGlassView.swift */ = {isa = PBXFileReference; lastKnownFileType = sourcecode.swift; path = MagnifyingGlassView.swift; sourceTree = "<group>"; };
		E07478FD2B40870100E04FE4 /* NftDetailViewController.swift */ = {isa = PBXFileReference; lastKnownFileType = sourcecode.swift; path = NftDetailViewController.swift; sourceTree = "<group>"; };
		E07478FF2B40875300E04FE4 /* NftDetailViewModel.swift */ = {isa = PBXFileReference; lastKnownFileType = sourcecode.swift; path = NftDetailViewModel.swift; sourceTree = "<group>"; };
		E07479012B40B13F00E04FE4 /* NftDetailTableViewCell.swift */ = {isa = PBXFileReference; lastKnownFileType = sourcecode.swift; path = NftDetailTableViewCell.swift; sourceTree = "<group>"; };
		E0B8A9842B444A9500A9E6F2 /* WalletViewController.swift */ = {isa = PBXFileReference; lastKnownFileType = sourcecode.swift; path = WalletViewController.swift; sourceTree = "<group>"; };
		E0B8A9862B444D1900A9E6F2 /* WalletViewModel.swift */ = {isa = PBXFileReference; lastKnownFileType = sourcecode.swift; path = WalletViewModel.swift; sourceTree = "<group>"; };
		E0B8A9882B444D4100A9E6F2 /* WalletService.swift */ = {isa = PBXFileReference; lastKnownFileType = sourcecode.swift; path = WalletService.swift; sourceTree = "<group>"; };
		E0B8A98A2B4459A800A9E6F2 /* WalletData.json */ = {isa = PBXFileReference; lastKnownFileType = text.json; path = WalletData.json; sourceTree = "<group>"; };
		E0B8A98C2B44688B00A9E6F2 /* WalletData.swift */ = {isa = PBXFileReference; lastKnownFileType = sourcecode.swift; path = WalletData.swift; sourceTree = "<group>"; };
		E0BE82712B458F5100A81BCB /* QuotationEthTableViewCell.swift */ = {isa = PBXFileReference; lastKnownFileType = sourcecode.swift; path = QuotationEthTableViewCell.swift; sourceTree = "<group>"; };
		E0C9C33C2B1E61FC004D347C /* Colors.swift */ = {isa = PBXFileReference; lastKnownFileType = sourcecode.swift; path = Colors.swift; sourceTree = "<group>"; };
		E0C9C33E2B20A362004D347C /* LoginViewModel.swift */ = {isa = PBXFileReference; lastKnownFileType = sourcecode.swift; path = LoginViewModel.swift; sourceTree = "<group>"; };
		E0FB0CBB2B29FF2900A12669 /* TabBarController.swift */ = {isa = PBXFileReference; lastKnownFileType = sourcecode.swift; path = TabBarController.swift; sourceTree = "<group>"; };
		FB5F0FB87CF58F63CD216BC0 /* Pods_AppBackFrontNFT.framework */ = {isa = PBXFileReference; explicitFileType = wrapper.framework; includeInIndex = 0; path = Pods_AppBackFrontNFT.framework; sourceTree = BUILT_PRODUCTS_DIR; };
		FC2FE653A046B054E67ECDCA /* Pods-AppBackFrontNFT.release.xcconfig */ = {isa = PBXFileReference; includeInIndex = 1; lastKnownFileType = text.xcconfig; name = "Pods-AppBackFrontNFT.release.xcconfig"; path = "Target Support Files/Pods-AppBackFrontNFT/Pods-AppBackFrontNFT.release.xcconfig"; sourceTree = "<group>"; };
/* End PBXFileReference section */

/* Begin PBXFrameworksBuildPhase section */
		E05248B92B17733900E8260C /* Frameworks */ = {
			isa = PBXFrameworksBuildPhase;
			buildActionMask = 2147483647;
			files = (
				E030C1172B23270100046C38 /* FirebaseDatabase in Frameworks */,
				E030C1252B23270100046C38 /* FirebaseFunctionsCombine-Community in Frameworks */,
				E030C13E2B277F9200046C38 /* Loady in Frameworks */,
				E030C11D2B23270100046C38 /* FirebaseFirestore in Frameworks */,
				E030C1092B23270100046C38 /* FirebaseAnalyticsSwift in Frameworks */,
				E030C1052B23270100046C38 /* FirebaseAnalytics in Frameworks */,
				E030C1072B23270100046C38 /* FirebaseAnalyticsOnDeviceConversion in Frameworks */,
				E030C12D2B23270100046C38 /* FirebaseMLModelDownloader in Frameworks */,
				E030C1212B23270100046C38 /* FirebaseFirestoreSwift in Frameworks */,
				E030C10D2B23270100046C38 /* FirebaseAppCheck in Frameworks */,
				E030C10B2B23270100046C38 /* FirebaseAnalyticsWithoutAdIdSupport in Frameworks */,
				E030C1112B23270100046C38 /* FirebaseAuth in Frameworks */,
				E030C1152B23270100046C38 /* FirebaseCrashlytics in Frameworks */,
				E030C1352B23270100046C38 /* FirebaseRemoteConfigSwift in Frameworks */,
				E030C1272B23270100046C38 /* FirebaseInAppMessaging-Beta in Frameworks */,
				E030C1192B23270100046C38 /* FirebaseDatabaseSwift in Frameworks */,
				E030C1232B23270100046C38 /* FirebaseFunctions in Frameworks */,
				E030C1392B23270100046C38 /* FirebaseStorageCombine-Community in Frameworks */,
				E030C1332B23270100046C38 /* FirebaseRemoteConfig in Frameworks */,
				E030C10F2B23270100046C38 /* FirebaseAppDistribution-Beta in Frameworks */,
				E030C1132B23270100046C38 /* FirebaseAuthCombine-Community in Frameworks */,
				E030C1312B23270100046C38 /* FirebasePerformance in Frameworks */,
				E030C1292B23270100046C38 /* FirebaseInAppMessagingSwift-Beta in Frameworks */,
				E030C1372B23270100046C38 /* FirebaseStorage in Frameworks */,
				E030C11B2B23270100046C38 /* FirebaseDynamicLinks in Frameworks */,
				E030C11F2B23270100046C38 /* FirebaseFirestoreCombine-Community in Frameworks */,
				E030C12F2B23270100046C38 /* FirebaseMessaging in Frameworks */,
				E030C12B2B23270100046C38 /* FirebaseInstallations in Frameworks */,
				B4B5C6A3EE702BFF8CF4FA49 /* Pods_AppBackFrontNFT.framework in Frameworks */,
			);
			runOnlyForDeploymentPostprocessing = 0;
		};
/* End PBXFrameworksBuildPhase section */

/* Begin PBXGroup section */
		A7ECD5D6C889BEFEA3B370F3 /* Pods */ = {
			isa = PBXGroup;
			children = (
				D69F8F2C8494100C0B2607D5 /* Pods-AppBackFrontNFT.debug.xcconfig */,
				FC2FE653A046B054E67ECDCA /* Pods-AppBackFrontNFT.release.xcconfig */,
			);
			path = Pods;
			sourceTree = "<group>";
		};
		BD52A9D8FE9E0AE70E64D8AA /* Frameworks */ = {
			isa = PBXGroup;
			children = (
				FB5F0FB87CF58F63CD216BC0 /* Pods_AppBackFrontNFT.framework */,
			);
			name = Frameworks;
			sourceTree = "<group>";
		};
		E00DD8A92B46E5CA00851658 /* LatestTransactionTableViewCell */ = {
			isa = PBXGroup;
			children = (
				E00DD8AA2B46E5E800851658 /* LatestTransactionTableViewCell.swift */,
				E00DD8AC2B46E65D00851658 /* LatestTransactionsTableViewCellViewModel.swift */,
			);
			path = LatestTransactionTableViewCell;
			sourceTree = "<group>";
		};
		E00DD8AE2B46F0B100851658 /* ListOFTransactionTableViewCell */ = {
			isa = PBXGroup;
			children = (
				E00DD8AF2B46F0E100851658 /* ListOFTransactionTableViewCell.swift */,
			);
			path = ListOFTransactionTableViewCell;
			sourceTree = "<group>";
		};
		E02D17AF2B419E2A00D062BE /* Cell */ = {
			isa = PBXGroup;
			children = (
				E02D17B02B419E5800D062BE /* NftDescriptionTableViewCell.swift */,
				E06FBD222B4339A400D41345 /* Subcomponents */,
			);
			path = Cell;
			sourceTree = "<group>";
		};
		E04B2B2B2B31D0F8001153B3 /* Home */ = {
			isa = PBXGroup;
			children = (
				E04B2B292B31D0F1001153B3 /* HomeService.swift */,
				E04B2B252B30D379001153B3 /* HomeViewModel.swift */,
				E030C0FF2B2259B000046C38 /* HomeViewController.swift */,
				E04B2B352B346B48001153B3 /* Cells */,
			);
			path = Home;
			sourceTree = "<group>";
		};
		E04B2B312B31D691001153B3 /* Data */ = {
			isa = PBXGroup;
			children = (
				E06FBD242B433A6600D41345 /* Models */,
				E06FBD232B433A4900D41345 /* MockData */,
			);
			path = Data;
			sourceTree = "<group>";
		};
		E04B2B342B346A25001153B3 /* Service */ = {
			isa = PBXGroup;
			children = (
				E04B2B272B31CFAA001153B3 /* GenericService.swift */,
			);
			path = Service;
			sourceTree = "<group>";
		};
		E04B2B352B346B48001153B3 /* Cells */ = {
			isa = PBXGroup;
			children = (
				E04B2B362B346B5F001153B3 /* HomeTableViewCell.swift */,
				E04B2B382B346B6E001153B3 /* HomeCollectionViewCell.swift */,
			);
			path = Cells;
			sourceTree = "<group>";
		};
		E05248B32B17733900E8260C = {
			isa = PBXGroup;
			children = (
				E05248BE2B17733900E8260C /* AppBackFrontNFT */,
				E05248BD2B17733900E8260C /* Products */,
				A7ECD5D6C889BEFEA3B370F3 /* Pods */,
				BD52A9D8FE9E0AE70E64D8AA /* Frameworks */,
			);
			sourceTree = "<group>";
		};
		E05248BD2B17733900E8260C /* Products */ = {
			isa = PBXGroup;
			children = (
				E05248BC2B17733900E8260C /* AppBackFrontNFT.app */,
			);
			name = Products;
			sourceTree = "<group>";
		};
		E05248BE2B17733900E8260C /* AppBackFrontNFT */ = {
			isa = PBXGroup;
			children = (
				E06FBD1C2B432CD800D41345 /* Features */,
				E04B2B312B31D691001153B3 /* Data */,
				E04B2B342B346A25001153B3 /* Service */,
				E06FBD1E2B432D4000D41345 /* Utilities */,
				E05248D42B1773BE00E8260C /* Assets */,
				E05248D32B1773B200E8260C /* Aplication */,
				E05248CD2B17733B00E8260C /* Info.plist */,
				E030C1012B23261200046C38 /* GoogleService-Info.plist */,
			);
			path = AppBackFrontNFT;
			sourceTree = "<group>";
		};
		E05248D32B1773B200E8260C /* Aplication */ = {
			isa = PBXGroup;
			children = (
				E05248BF2B17733900E8260C /* AppDelegate.swift */,
				E05248C12B17733900E8260C /* SceneDelegate.swift */,
				E05248CA2B17733B00E8260C /* LaunchScreen.storyboard */,
			);
			path = Aplication;
			sourceTree = "<group>";
		};
		E05248D42B1773BE00E8260C /* Assets */ = {
			isa = PBXGroup;
			children = (
				E05248C82B17733B00E8260C /* Assets.xcassets */,
			);
			path = Assets;
			sourceTree = "<group>";
		};
		E05248D52B17765B00E8260C /* Helpers */ = {
			isa = PBXGroup;
			children = (
				E05248D62B17766B00E8260C /* ViewCode.swift */,
				E0C9C33C2B1E61FC004D347C /* Colors.swift */,
			);
			path = Helpers;
			sourceTree = "<group>";
		};
		E05248D82B17778D00E8260C /* Extensions */ = {
			isa = PBXGroup;
			children = (
				E05248D92B1777A200E8260C /* UIView+Extensions.swift */,
				E030C13A2B23294100046C38 /* UIViewControllew+Extensions.swift */,
				E02D17B22B41AFCF00D062BE /* String+Extensions.swift */,
				E06FBD1A2B431C6100D41345 /* CACornerMask+Extensions.swift */,
			);
			path = Extensions;
			sourceTree = "<group>";
		};
		E063CE5B2B482D63001FB63F /* Profile */ = {
			isa = PBXGroup;
			children = (
				E063CE5C2B482D8A001FB63F /* ProfileViewController.swift */,
				E063CE5E2B482F7A001FB63F /* ProfileImageTableViewCell.swift */,
				E063CE602B4847A9001FB63F /* ProfileTableViewCell.swift */,
			);
			path = Profile;
			sourceTree = "<group>";
		};
		E06FBD142B41EBB200D41345 /* LastestDeal */ = {
			isa = PBXGroup;
			children = (
				E06FBD122B41EB7300D41345 /* LastestDealTableViewCell.swift */,
				E06FBD152B41EBCC00D41345 /* LastestDealTableViewCellViewModel.swift */,
			);
			path = LastestDeal;
			sourceTree = "<group>";
		};
		E06FBD172B41F8A200D41345 /* ListOffers */ = {
			isa = PBXGroup;
			children = (
				E06FBD182B41F8CB00D41345 /* ListOffersTableViewCell.swift */,
			);
			path = ListOffers;
			sourceTree = "<group>";
		};
		E06FBD1C2B432CD800D41345 /* Features */ = {
			isa = PBXGroup;
			children = (
				E0FB0CBA2B29FF0200A12669 /* Login */,
				E04B2B2B2B31D0F8001153B3 /* Home */,
				E07478FC2B4086E600E04FE4 /* NftDetail */,
				E06FBD1F2B43368800D41345 /* MagnifyingGlass */,
				E0B8A9822B444A4800A9E6F2 /* Wallet */,
				E063CE5B2B482D63001FB63F /* Profile */,
			);
			path = Features;
			sourceTree = "<group>";
		};
		E06FBD1E2B432D4000D41345 /* Utilities */ = {
			isa = PBXGroup;
			children = (
				E05248D82B17778D00E8260C /* Extensions */,
				E05248D52B17765B00E8260C /* Helpers */,
			);
			path = Utilities;
			sourceTree = "<group>";
		};
		E06FBD1F2B43368800D41345 /* MagnifyingGlass */ = {
			isa = PBXGroup;
			children = (
				E06FBD202B4338AE00D41345 /* MagnifyingGlassViewController.swift */,
				E06FBD282B434FA300D41345 /* MagnifyingGlassView.swift */,
			);
			path = MagnifyingGlass;
			sourceTree = "<group>";
		};
		E06FBD222B4339A400D41345 /* Subcomponents */ = {
			isa = PBXGroup;
			children = (
				E06FBD142B41EBB200D41345 /* LastestDeal */,
				E06FBD172B41F8A200D41345 /* ListOffers */,
			);
			path = Subcomponents;
			sourceTree = "<group>";
		};
		E06FBD232B433A4900D41345 /* MockData */ = {
			isa = PBXGroup;
			children = (
				E04B2B2C2B31D58B001153B3 /* HomeData.json */,
				E0B8A98A2B4459A800A9E6F2 /* WalletData.json */,
			);
			path = MockData;
			sourceTree = "<group>";
		};
		E06FBD242B433A6600D41345 /* Models */ = {
			isa = PBXGroup;
			children = (
				E04B2B2F2B31D675001153B3 /* NFTData.swift */,
				E0B8A98C2B44688B00A9E6F2 /* WalletData.swift */,
			);
			path = Models;
			sourceTree = "<group>";
		};
		E07478FC2B4086E600E04FE4 /* NftDetail */ = {
			isa = PBXGroup;
			children = (
				E07478FD2B40870100E04FE4 /* NftDetailViewController.swift */,
				E07479012B40B13F00E04FE4 /* NftDetailTableViewCell.swift */,
				E07478FF2B40875300E04FE4 /* NftDetailViewModel.swift */,
				E02D17AF2B419E2A00D062BE /* Cell */,
			);
			path = NftDetail;
			sourceTree = "<group>";
		};
		E0B8A9822B444A4800A9E6F2 /* Wallet */ = {
			isa = PBXGroup;
			children = (
				E0BE82702B458F3100A81BCB /* Cell */,
			);
			path = Wallet;
			sourceTree = "<group>";
		};
		E0BE82702B458F3100A81BCB /* Cell */ = {
			isa = PBXGroup;
			children = (
				E0B8A9842B444A9500A9E6F2 /* WalletViewController.swift */,
				E0B8A9862B444D1900A9E6F2 /* WalletViewModel.swift */,
				E0B8A9882B444D4100A9E6F2 /* WalletService.swift */,
				E0BE82732B458FC500A81BCB /* QuotationEth */,
				E00DD8A92B46E5CA00851658 /* LatestTransactionTableViewCell */,
				E00DD8AE2B46F0B100851658 /* ListOFTransactionTableViewCell */,
			);
			path = Cell;
			sourceTree = "<group>";
		};
		E0BE82732B458FC500A81BCB /* QuotationEth */ = {
			isa = PBXGroup;
			children = (
				E0BE82712B458F5100A81BCB /* QuotationEthTableViewCell.swift */,
			);
			path = QuotationEth;
			sourceTree = "<group>";
		};
		E0FB0CBA2B29FF0200A12669 /* Login */ = {
			isa = PBXGroup;
			children = (
				E0FB0CBB2B29FF2900A12669 /* TabBarController.swift */,
				E05248C32B17733900E8260C /* LoginViewController.swift */,
				E0C9C33E2B20A362004D347C /* LoginViewModel.swift */,
			);
			path = Login;
			sourceTree = "<group>";
		};
/* End PBXGroup section */

/* Begin PBXNativeTarget section */
		E05248BB2B17733900E8260C /* AppBackFrontNFT */ = {
			isa = PBXNativeTarget;
			buildConfigurationList = E05248D02B17733B00E8260C /* Build configuration list for PBXNativeTarget "AppBackFrontNFT" */;
			buildPhases = (
				2EC4A228DBB2ACC6EF22FE0E /* [CP] Check Pods Manifest.lock */,
				E05248B82B17733900E8260C /* Sources */,
				E05248B92B17733900E8260C /* Frameworks */,
				E05248BA2B17733900E8260C /* Resources */,
				8E8FFFE12AA41D650FC20C8B /* [CP] Embed Pods Frameworks */,
			);
			buildRules = (
			);
			dependencies = (
			);
			name = AppBackFrontNFT;
			packageProductDependencies = (
				E030C1042B23270100046C38 /* FirebaseAnalytics */,
				E030C1062B23270100046C38 /* FirebaseAnalyticsOnDeviceConversion */,
				E030C1082B23270100046C38 /* FirebaseAnalyticsSwift */,
				E030C10A2B23270100046C38 /* FirebaseAnalyticsWithoutAdIdSupport */,
				E030C10C2B23270100046C38 /* FirebaseAppCheck */,
				E030C10E2B23270100046C38 /* FirebaseAppDistribution-Beta */,
				E030C1102B23270100046C38 /* FirebaseAuth */,
				E030C1122B23270100046C38 /* FirebaseAuthCombine-Community */,
				E030C1142B23270100046C38 /* FirebaseCrashlytics */,
				E030C1162B23270100046C38 /* FirebaseDatabase */,
				E030C1182B23270100046C38 /* FirebaseDatabaseSwift */,
				E030C11A2B23270100046C38 /* FirebaseDynamicLinks */,
				E030C11C2B23270100046C38 /* FirebaseFirestore */,
				E030C11E2B23270100046C38 /* FirebaseFirestoreCombine-Community */,
				E030C1202B23270100046C38 /* FirebaseFirestoreSwift */,
				E030C1222B23270100046C38 /* FirebaseFunctions */,
				E030C1242B23270100046C38 /* FirebaseFunctionsCombine-Community */,
				E030C1262B23270100046C38 /* FirebaseInAppMessaging-Beta */,
				E030C1282B23270100046C38 /* FirebaseInAppMessagingSwift-Beta */,
				E030C12A2B23270100046C38 /* FirebaseInstallations */,
				E030C12C2B23270100046C38 /* FirebaseMLModelDownloader */,
				E030C12E2B23270100046C38 /* FirebaseMessaging */,
				E030C1302B23270100046C38 /* FirebasePerformance */,
				E030C1322B23270100046C38 /* FirebaseRemoteConfig */,
				E030C1342B23270100046C38 /* FirebaseRemoteConfigSwift */,
				E030C1362B23270100046C38 /* FirebaseStorage */,
				E030C1382B23270100046C38 /* FirebaseStorageCombine-Community */,
				E030C13D2B277F9200046C38 /* Loady */,
			);
			productName = AppBackFrontNFT;
			productReference = E05248BC2B17733900E8260C /* AppBackFrontNFT.app */;
			productType = "com.apple.product-type.application";
		};
/* End PBXNativeTarget section */

/* Begin PBXProject section */
		E05248B42B17733900E8260C /* Project object */ = {
			isa = PBXProject;
			attributes = {
				BuildIndependentTargetsInParallel = 1;
				LastSwiftUpdateCheck = 1500;
				LastUpgradeCheck = 1500;
				TargetAttributes = {
					E05248BB2B17733900E8260C = {
						CreatedOnToolsVersion = 15.0.1;
					};
				};
			};
			buildConfigurationList = E05248B72B17733900E8260C /* Build configuration list for PBXProject "AppBackFrontNFT" */;
			compatibilityVersion = "Xcode 15.0";
			developmentRegion = en;
			hasScannedForEncodings = 0;
			knownRegions = (
				en,
				Base,
			);
			mainGroup = E05248B32B17733900E8260C;
			packageReferences = (
				E030C1032B23270100046C38 /* XCRemoteSwiftPackageReference "firebase-ios-sdk" */,
				E030C13C2B277F9200046C38 /* XCRemoteSwiftPackageReference "loady" */,
			);
			productRefGroup = E05248BD2B17733900E8260C /* Products */;
			projectDirPath = "";
			projectRoot = "";
			targets = (
				E05248BB2B17733900E8260C /* AppBackFrontNFT */,
			);
		};
/* End PBXProject section */

/* Begin PBXResourcesBuildPhase section */
		E05248BA2B17733900E8260C /* Resources */ = {
			isa = PBXResourcesBuildPhase;
			buildActionMask = 2147483647;
			files = (
				E04B2B2D2B31D58B001153B3 /* HomeData.json in Resources */,
				E0B8A98B2B4459A800A9E6F2 /* WalletData.json in Resources */,
				E05248CC2B17733B00E8260C /* LaunchScreen.storyboard in Resources */,
				E05248C92B17733B00E8260C /* Assets.xcassets in Resources */,
				E030C1022B23261200046C38 /* GoogleService-Info.plist in Resources */,
			);
			runOnlyForDeploymentPostprocessing = 0;
		};
/* End PBXResourcesBuildPhase section */

/* Begin PBXShellScriptBuildPhase section */
		2EC4A228DBB2ACC6EF22FE0E /* [CP] Check Pods Manifest.lock */ = {
			isa = PBXShellScriptBuildPhase;
			buildActionMask = 2147483647;
			files = (
			);
			inputFileListPaths = (
			);
			inputPaths = (
				"${PODS_PODFILE_DIR_PATH}/Podfile.lock",
				"${PODS_ROOT}/Manifest.lock",
			);
			name = "[CP] Check Pods Manifest.lock";
			outputFileListPaths = (
			);
			outputPaths = (
				"$(DERIVED_FILE_DIR)/Pods-AppBackFrontNFT-checkManifestLockResult.txt",
			);
			runOnlyForDeploymentPostprocessing = 0;
			shellPath = /bin/sh;
			shellScript = "diff \"${PODS_PODFILE_DIR_PATH}/Podfile.lock\" \"${PODS_ROOT}/Manifest.lock\" > /dev/null\nif [ $? != 0 ] ; then\n    # print error to STDERR\n    echo \"error: The sandbox is not in sync with the Podfile.lock. Run 'pod install' or update your CocoaPods installation.\" >&2\n    exit 1\nfi\n# This output is used by Xcode 'outputs' to avoid re-running this script phase.\necho \"SUCCESS\" > \"${SCRIPT_OUTPUT_FILE_0}\"\n";
			showEnvVarsInLog = 0;
		};
		8E8FFFE12AA41D650FC20C8B /* [CP] Embed Pods Frameworks */ = {
			isa = PBXShellScriptBuildPhase;
			buildActionMask = 2147483647;
			files = (
			);
			inputFileListPaths = (
				"${PODS_ROOT}/Target Support Files/Pods-AppBackFrontNFT/Pods-AppBackFrontNFT-frameworks-${CONFIGURATION}-input-files.xcfilelist",
			);
			name = "[CP] Embed Pods Frameworks";
			outputFileListPaths = (
				"${PODS_ROOT}/Target Support Files/Pods-AppBackFrontNFT/Pods-AppBackFrontNFT-frameworks-${CONFIGURATION}-output-files.xcfilelist",
			);
			runOnlyForDeploymentPostprocessing = 0;
			shellPath = /bin/sh;
			shellScript = "\"${PODS_ROOT}/Target Support Files/Pods-AppBackFrontNFT/Pods-AppBackFrontNFT-frameworks.sh\"\n";
			showEnvVarsInLog = 0;
		};
/* End PBXShellScriptBuildPhase section */

/* Begin PBXSourcesBuildPhase section */
		E05248B82B17733900E8260C /* Sources */ = {
			isa = PBXSourcesBuildPhase;
			buildActionMask = 2147483647;
			files = (
				E0BE82722B458F5100A81BCB /* QuotationEthTableViewCell.swift in Sources */,
				E07479022B40B13F00E04FE4 /* NftDetailTableViewCell.swift in Sources */,
				E02D17B32B41AFCF00D062BE /* String+Extensions.swift in Sources */,
				E05248C42B17733900E8260C /* LoginViewController.swift in Sources */,
				E04B2B262B30D379001153B3 /* HomeViewModel.swift in Sources */,
				E063CE612B4847A9001FB63F /* ProfileTableViewCell.swift in Sources */,
				E06FBD212B4338AE00D41345 /* MagnifyingGlassViewController.swift in Sources */,
				E063CE5D2B482D8A001FB63F /* ProfileViewController.swift in Sources */,
				E00DD8B02B46F0E100851658 /* ListOFTransactionTableViewCell.swift in Sources */,
				E07479002B40875300E04FE4 /* NftDetailViewModel.swift in Sources */,
				E07478FE2B40870100E04FE4 /* NftDetailViewController.swift in Sources */,
				E02D17B12B419E5800D062BE /* NftDescriptionTableViewCell.swift in Sources */,
				E063CE5F2B482F7A001FB63F /* ProfileImageTableViewCell.swift in Sources */,
				E06FBD162B41EBCC00D41345 /* LastestDealTableViewCellViewModel.swift in Sources */,
				E0B8A9852B444A9500A9E6F2 /* WalletViewController.swift in Sources */,
				E05248C02B17733900E8260C /* AppDelegate.swift in Sources */,
				E05248DA2B1777A200E8260C /* UIView+Extensions.swift in Sources */,
				E00DD8AD2B46E65D00851658 /* LatestTransactionsTableViewCellViewModel.swift in Sources */,
				E0FB0CBC2B29FF2900A12669 /* TabBarController.swift in Sources */,
				E06FBD132B41EB7300D41345 /* LastestDealTableViewCell.swift in Sources */,
				E04B2B282B31CFAA001153B3 /* GenericService.swift in Sources */,
				E00DD8AB2B46E5E800851658 /* LatestTransactionTableViewCell.swift in Sources */,
				E04B2B372B346B5F001153B3 /* HomeTableViewCell.swift in Sources */,
				E0B8A9892B444D4100A9E6F2 /* WalletService.swift in Sources */,
				E04B2B392B346B6E001153B3 /* HomeCollectionViewCell.swift in Sources */,
				E030C13B2B23294100046C38 /* UIViewControllew+Extensions.swift in Sources */,
				E030C1002B2259B000046C38 /* HomeViewController.swift in Sources */,
				E06FBD292B434FA300D41345 /* MagnifyingGlassView.swift in Sources */,
				E04B2B2A2B31D0F1001153B3 /* HomeService.swift in Sources */,
				E05248C22B17733900E8260C /* SceneDelegate.swift in Sources */,
				E04B2B302B31D675001153B3 /* NFTData.swift in Sources */,
				E06FBD192B41F8CB00D41345 /* ListOffersTableViewCell.swift in Sources */,
				E0B8A98D2B44688B00A9E6F2 /* WalletData.swift in Sources */,
				E05248D72B17766B00E8260C /* ViewCode.swift in Sources */,
				E0C9C33D2B1E61FC004D347C /* Colors.swift in Sources */,
				E06FBD1B2B431C6100D41345 /* CACornerMask+Extensions.swift in Sources */,
				E0C9C33F2B20A362004D347C /* LoginViewModel.swift in Sources */,
				E0B8A9872B444D1900A9E6F2 /* WalletViewModel.swift in Sources */,
			);
			runOnlyForDeploymentPostprocessing = 0;
		};
/* End PBXSourcesBuildPhase section */

/* Begin PBXVariantGroup section */
		E05248CA2B17733B00E8260C /* LaunchScreen.storyboard */ = {
			isa = PBXVariantGroup;
			children = (
				E05248CB2B17733B00E8260C /* Base */,
			);
			name = LaunchScreen.storyboard;
			sourceTree = "<group>";
		};
/* End PBXVariantGroup section */

/* Begin XCBuildConfiguration section */
		E05248CE2B17733B00E8260C /* Debug */ = {
			isa = XCBuildConfiguration;
			buildSettings = {
				ALWAYS_SEARCH_USER_PATHS = NO;
				ASSETCATALOG_COMPILER_GENERATE_SWIFT_ASSET_SYMBOL_EXTENSIONS = YES;
				CLANG_ANALYZER_NONNULL = YES;
				CLANG_ANALYZER_NUMBER_OBJECT_CONVERSION = YES_AGGRESSIVE;
				CLANG_CXX_LANGUAGE_STANDARD = "gnu++20";
				CLANG_ENABLE_MODULES = YES;
				CLANG_ENABLE_OBJC_ARC = YES;
				CLANG_ENABLE_OBJC_WEAK = YES;
				CLANG_WARN_BLOCK_CAPTURE_AUTORELEASING = YES;
				CLANG_WARN_BOOL_CONVERSION = YES;
				CLANG_WARN_COMMA = YES;
				CLANG_WARN_CONSTANT_CONVERSION = YES;
				CLANG_WARN_DEPRECATED_OBJC_IMPLEMENTATIONS = YES;
				CLANG_WARN_DIRECT_OBJC_ISA_USAGE = YES_ERROR;
				CLANG_WARN_DOCUMENTATION_COMMENTS = YES;
				CLANG_WARN_EMPTY_BODY = YES;
				CLANG_WARN_ENUM_CONVERSION = YES;
				CLANG_WARN_INFINITE_RECURSION = YES;
				CLANG_WARN_INT_CONVERSION = YES;
				CLANG_WARN_NON_LITERAL_NULL_CONVERSION = YES;
				CLANG_WARN_OBJC_IMPLICIT_RETAIN_SELF = YES;
				CLANG_WARN_OBJC_LITERAL_CONVERSION = YES;
				CLANG_WARN_OBJC_ROOT_CLASS = YES_ERROR;
				CLANG_WARN_QUOTED_INCLUDE_IN_FRAMEWORK_HEADER = YES;
				CLANG_WARN_RANGE_LOOP_ANALYSIS = YES;
				CLANG_WARN_STRICT_PROTOTYPES = YES;
				CLANG_WARN_SUSPICIOUS_MOVE = YES;
				CLANG_WARN_UNGUARDED_AVAILABILITY = YES_AGGRESSIVE;
				CLANG_WARN_UNREACHABLE_CODE = YES;
				CLANG_WARN__DUPLICATE_METHOD_MATCH = YES;
				COPY_PHASE_STRIP = NO;
				DEBUG_INFORMATION_FORMAT = dwarf;
				ENABLE_STRICT_OBJC_MSGSEND = YES;
				ENABLE_TESTABILITY = YES;
				ENABLE_USER_SCRIPT_SANDBOXING = NO;
				GCC_C_LANGUAGE_STANDARD = gnu17;
				GCC_DYNAMIC_NO_PIC = NO;
				GCC_NO_COMMON_BLOCKS = YES;
				GCC_OPTIMIZATION_LEVEL = 0;
				GCC_PREPROCESSOR_DEFINITIONS = (
					"DEBUG=1",
					"$(inherited)",
				);
				GCC_WARN_64_TO_32_BIT_CONVERSION = YES;
				GCC_WARN_ABOUT_RETURN_TYPE = YES_ERROR;
				GCC_WARN_UNDECLARED_SELECTOR = YES;
				GCC_WARN_UNINITIALIZED_AUTOS = YES_AGGRESSIVE;
				GCC_WARN_UNUSED_FUNCTION = YES;
				GCC_WARN_UNUSED_VARIABLE = YES;
				IPHONEOS_DEPLOYMENT_TARGET = 17.0;
				LOCALIZATION_PREFERS_STRING_CATALOGS = YES;
				MTL_ENABLE_DEBUG_INFO = INCLUDE_SOURCE;
				MTL_FAST_MATH = YES;
				ONLY_ACTIVE_ARCH = YES;
				SDKROOT = iphoneos;
				SWIFT_ACTIVE_COMPILATION_CONDITIONS = "DEBUG $(inherited)";
				SWIFT_OPTIMIZATION_LEVEL = "-Onone";
			};
			name = Debug;
		};
		E05248CF2B17733B00E8260C /* Release */ = {
			isa = XCBuildConfiguration;
			buildSettings = {
				ALWAYS_SEARCH_USER_PATHS = NO;
				ASSETCATALOG_COMPILER_GENERATE_SWIFT_ASSET_SYMBOL_EXTENSIONS = YES;
				CLANG_ANALYZER_NONNULL = YES;
				CLANG_ANALYZER_NUMBER_OBJECT_CONVERSION = YES_AGGRESSIVE;
				CLANG_CXX_LANGUAGE_STANDARD = "gnu++20";
				CLANG_ENABLE_MODULES = YES;
				CLANG_ENABLE_OBJC_ARC = YES;
				CLANG_ENABLE_OBJC_WEAK = YES;
				CLANG_WARN_BLOCK_CAPTURE_AUTORELEASING = YES;
				CLANG_WARN_BOOL_CONVERSION = YES;
				CLANG_WARN_COMMA = YES;
				CLANG_WARN_CONSTANT_CONVERSION = YES;
				CLANG_WARN_DEPRECATED_OBJC_IMPLEMENTATIONS = YES;
				CLANG_WARN_DIRECT_OBJC_ISA_USAGE = YES_ERROR;
				CLANG_WARN_DOCUMENTATION_COMMENTS = YES;
				CLANG_WARN_EMPTY_BODY = YES;
				CLANG_WARN_ENUM_CONVERSION = YES;
				CLANG_WARN_INFINITE_RECURSION = YES;
				CLANG_WARN_INT_CONVERSION = YES;
				CLANG_WARN_NON_LITERAL_NULL_CONVERSION = YES;
				CLANG_WARN_OBJC_IMPLICIT_RETAIN_SELF = YES;
				CLANG_WARN_OBJC_LITERAL_CONVERSION = YES;
				CLANG_WARN_OBJC_ROOT_CLASS = YES_ERROR;
				CLANG_WARN_QUOTED_INCLUDE_IN_FRAMEWORK_HEADER = YES;
				CLANG_WARN_RANGE_LOOP_ANALYSIS = YES;
				CLANG_WARN_STRICT_PROTOTYPES = YES;
				CLANG_WARN_SUSPICIOUS_MOVE = YES;
				CLANG_WARN_UNGUARDED_AVAILABILITY = YES_AGGRESSIVE;
				CLANG_WARN_UNREACHABLE_CODE = YES;
				CLANG_WARN__DUPLICATE_METHOD_MATCH = YES;
				COPY_PHASE_STRIP = NO;
				DEBUG_INFORMATION_FORMAT = "dwarf-with-dsym";
				ENABLE_NS_ASSERTIONS = NO;
				ENABLE_STRICT_OBJC_MSGSEND = YES;
				ENABLE_USER_SCRIPT_SANDBOXING = NO;
				GCC_C_LANGUAGE_STANDARD = gnu17;
				GCC_NO_COMMON_BLOCKS = YES;
				GCC_WARN_64_TO_32_BIT_CONVERSION = YES;
				GCC_WARN_ABOUT_RETURN_TYPE = YES_ERROR;
				GCC_WARN_UNDECLARED_SELECTOR = YES;
				GCC_WARN_UNINITIALIZED_AUTOS = YES_AGGRESSIVE;
				GCC_WARN_UNUSED_FUNCTION = YES;
				GCC_WARN_UNUSED_VARIABLE = YES;
				IPHONEOS_DEPLOYMENT_TARGET = 17.0;
				LOCALIZATION_PREFERS_STRING_CATALOGS = YES;
				MTL_ENABLE_DEBUG_INFO = NO;
				MTL_FAST_MATH = YES;
				SDKROOT = iphoneos;
				SWIFT_COMPILATION_MODE = wholemodule;
				VALIDATE_PRODUCT = YES;
			};
			name = Release;
		};
		E05248D12B17733B00E8260C /* Debug */ = {
			isa = XCBuildConfiguration;
			baseConfigurationReference = D69F8F2C8494100C0B2607D5 /* Pods-AppBackFrontNFT.debug.xcconfig */;
			buildSettings = {
				ASSETCATALOG_COMPILER_APPICON_NAME = AppIcon;
				ASSETCATALOG_COMPILER_GLOBAL_ACCENT_COLOR_NAME = AccentColor;
				CODE_SIGN_STYLE = Automatic;
				CURRENT_PROJECT_VERSION = 1;
				DEVELOPMENT_TEAM = WXQ8GLHA2M;
				GENERATE_INFOPLIST_FILE = YES;
				INFOPLIST_FILE = AppBackFrontNFT/Info.plist;
				INFOPLIST_KEY_UIApplicationSupportsIndirectInputEvents = YES;
				INFOPLIST_KEY_UILaunchStoryboardName = LaunchScreen.storyboard;
				INFOPLIST_KEY_UISupportedInterfaceOrientations_iPad = "UIInterfaceOrientationPortrait UIInterfaceOrientationPortraitUpsideDown UIInterfaceOrientationLandscapeLeft UIInterfaceOrientationLandscapeRight";
				INFOPLIST_KEY_UISupportedInterfaceOrientations_iPhone = "UIInterfaceOrientationPortrait UIInterfaceOrientationLandscapeLeft UIInterfaceOrientationLandscapeRight";
				LD_RUNPATH_SEARCH_PATHS = (
					"$(inherited)",
					"@executable_path/Frameworks",
				);
				MARKETING_VERSION = 1.0;
				PRODUCT_BUNDLE_IDENTIFIER = br.com.spedaLeticia.AppBackFrontNFT;
				PRODUCT_NAME = "$(TARGET_NAME)";
				SWIFT_EMIT_LOC_STRINGS = YES;
				SWIFT_VERSION = 5.0;
				TARGETED_DEVICE_FAMILY = "1,2";
			};
			name = Debug;
		};
		E05248D22B17733B00E8260C /* Release */ = {
			isa = XCBuildConfiguration;
			baseConfigurationReference = FC2FE653A046B054E67ECDCA /* Pods-AppBackFrontNFT.release.xcconfig */;
			buildSettings = {
				ASSETCATALOG_COMPILER_APPICON_NAME = AppIcon;
				ASSETCATALOG_COMPILER_GLOBAL_ACCENT_COLOR_NAME = AccentColor;
				CODE_SIGN_STYLE = Automatic;
				CURRENT_PROJECT_VERSION = 1;
				DEVELOPMENT_TEAM = WXQ8GLHA2M;
				GENERATE_INFOPLIST_FILE = YES;
				INFOPLIST_FILE = AppBackFrontNFT/Info.plist;
				INFOPLIST_KEY_UIApplicationSupportsIndirectInputEvents = YES;
				INFOPLIST_KEY_UILaunchStoryboardName = LaunchScreen.storyboard;
				INFOPLIST_KEY_UISupportedInterfaceOrientations_iPad = "UIInterfaceOrientationPortrait UIInterfaceOrientationPortraitUpsideDown UIInterfaceOrientationLandscapeLeft UIInterfaceOrientationLandscapeRight";
				INFOPLIST_KEY_UISupportedInterfaceOrientations_iPhone = "UIInterfaceOrientationPortrait UIInterfaceOrientationLandscapeLeft UIInterfaceOrientationLandscapeRight";
				LD_RUNPATH_SEARCH_PATHS = (
					"$(inherited)",
					"@executable_path/Frameworks",
				);
				MARKETING_VERSION = 1.0;
				PRODUCT_BUNDLE_IDENTIFIER = br.com.spedaLeticia.AppBackFrontNFT;
				PRODUCT_NAME = "$(TARGET_NAME)";
				SWIFT_EMIT_LOC_STRINGS = YES;
				SWIFT_VERSION = 5.0;
				TARGETED_DEVICE_FAMILY = "1,2";
			};
			name = Release;
		};
/* End XCBuildConfiguration section */

/* Begin XCConfigurationList section */
		E05248B72B17733900E8260C /* Build configuration list for PBXProject "AppBackFrontNFT" */ = {
			isa = XCConfigurationList;
			buildConfigurations = (
				E05248CE2B17733B00E8260C /* Debug */,
				E05248CF2B17733B00E8260C /* Release */,
			);
			defaultConfigurationIsVisible = 0;
			defaultConfigurationName = Release;
		};
		E05248D02B17733B00E8260C /* Build configuration list for PBXNativeTarget "AppBackFrontNFT" */ = {
			isa = XCConfigurationList;
			buildConfigurations = (
				E05248D12B17733B00E8260C /* Debug */,
				E05248D22B17733B00E8260C /* Release */,
			);
			defaultConfigurationIsVisible = 0;
			defaultConfigurationName = Release;
		};
/* End XCConfigurationList section */

/* Begin XCRemoteSwiftPackageReference section */
		E030C1032B23270100046C38 /* XCRemoteSwiftPackageReference "firebase-ios-sdk" */ = {
			isa = XCRemoteSwiftPackageReference;
			repositoryURL = "https://github.com/firebase/firebase-ios-sdk";
			requirement = {
				kind = upToNextMajorVersion;
				minimumVersion = 10.19.0;
			};
		};
		E030C13C2B277F9200046C38 /* XCRemoteSwiftPackageReference "loady" */ = {
			isa = XCRemoteSwiftPackageReference;
			repositoryURL = "https://github.com/farshadjahanmanesh/loady.git";
			requirement = {
				kind = upToNextMajorVersion;
				minimumVersion = 1.0.8;
			};
		};
/* End XCRemoteSwiftPackageReference section */

/* Begin XCSwiftPackageProductDependency section */
		E030C1042B23270100046C38 /* FirebaseAnalytics */ = {
			isa = XCSwiftPackageProductDependency;
			package = E030C1032B23270100046C38 /* XCRemoteSwiftPackageReference "firebase-ios-sdk" */;
			productName = FirebaseAnalytics;
		};
		E030C1062B23270100046C38 /* FirebaseAnalyticsOnDeviceConversion */ = {
			isa = XCSwiftPackageProductDependency;
			package = E030C1032B23270100046C38 /* XCRemoteSwiftPackageReference "firebase-ios-sdk" */;
			productName = FirebaseAnalyticsOnDeviceConversion;
		};
		E030C1082B23270100046C38 /* FirebaseAnalyticsSwift */ = {
			isa = XCSwiftPackageProductDependency;
			package = E030C1032B23270100046C38 /* XCRemoteSwiftPackageReference "firebase-ios-sdk" */;
			productName = FirebaseAnalyticsSwift;
		};
		E030C10A2B23270100046C38 /* FirebaseAnalyticsWithoutAdIdSupport */ = {
			isa = XCSwiftPackageProductDependency;
			package = E030C1032B23270100046C38 /* XCRemoteSwiftPackageReference "firebase-ios-sdk" */;
			productName = FirebaseAnalyticsWithoutAdIdSupport;
		};
		E030C10C2B23270100046C38 /* FirebaseAppCheck */ = {
			isa = XCSwiftPackageProductDependency;
			package = E030C1032B23270100046C38 /* XCRemoteSwiftPackageReference "firebase-ios-sdk" */;
			productName = FirebaseAppCheck;
		};
		E030C10E2B23270100046C38 /* FirebaseAppDistribution-Beta */ = {
			isa = XCSwiftPackageProductDependency;
			package = E030C1032B23270100046C38 /* XCRemoteSwiftPackageReference "firebase-ios-sdk" */;
			productName = "FirebaseAppDistribution-Beta";
		};
		E030C1102B23270100046C38 /* FirebaseAuth */ = {
			isa = XCSwiftPackageProductDependency;
			package = E030C1032B23270100046C38 /* XCRemoteSwiftPackageReference "firebase-ios-sdk" */;
			productName = FirebaseAuth;
		};
		E030C1122B23270100046C38 /* FirebaseAuthCombine-Community */ = {
			isa = XCSwiftPackageProductDependency;
			package = E030C1032B23270100046C38 /* XCRemoteSwiftPackageReference "firebase-ios-sdk" */;
			productName = "FirebaseAuthCombine-Community";
		};
		E030C1142B23270100046C38 /* FirebaseCrashlytics */ = {
			isa = XCSwiftPackageProductDependency;
			package = E030C1032B23270100046C38 /* XCRemoteSwiftPackageReference "firebase-ios-sdk" */;
			productName = FirebaseCrashlytics;
		};
		E030C1162B23270100046C38 /* FirebaseDatabase */ = {
			isa = XCSwiftPackageProductDependency;
			package = E030C1032B23270100046C38 /* XCRemoteSwiftPackageReference "firebase-ios-sdk" */;
			productName = FirebaseDatabase;
		};
		E030C1182B23270100046C38 /* FirebaseDatabaseSwift */ = {
			isa = XCSwiftPackageProductDependency;
			package = E030C1032B23270100046C38 /* XCRemoteSwiftPackageReference "firebase-ios-sdk" */;
			productName = FirebaseDatabaseSwift;
		};
		E030C11A2B23270100046C38 /* FirebaseDynamicLinks */ = {
			isa = XCSwiftPackageProductDependency;
			package = E030C1032B23270100046C38 /* XCRemoteSwiftPackageReference "firebase-ios-sdk" */;
			productName = FirebaseDynamicLinks;
		};
		E030C11C2B23270100046C38 /* FirebaseFirestore */ = {
			isa = XCSwiftPackageProductDependency;
			package = E030C1032B23270100046C38 /* XCRemoteSwiftPackageReference "firebase-ios-sdk" */;
			productName = FirebaseFirestore;
		};
		E030C11E2B23270100046C38 /* FirebaseFirestoreCombine-Community */ = {
			isa = XCSwiftPackageProductDependency;
			package = E030C1032B23270100046C38 /* XCRemoteSwiftPackageReference "firebase-ios-sdk" */;
			productName = "FirebaseFirestoreCombine-Community";
		};
		E030C1202B23270100046C38 /* FirebaseFirestoreSwift */ = {
			isa = XCSwiftPackageProductDependency;
			package = E030C1032B23270100046C38 /* XCRemoteSwiftPackageReference "firebase-ios-sdk" */;
			productName = FirebaseFirestoreSwift;
		};
		E030C1222B23270100046C38 /* FirebaseFunctions */ = {
			isa = XCSwiftPackageProductDependency;
			package = E030C1032B23270100046C38 /* XCRemoteSwiftPackageReference "firebase-ios-sdk" */;
			productName = FirebaseFunctions;
		};
		E030C1242B23270100046C38 /* FirebaseFunctionsCombine-Community */ = {
			isa = XCSwiftPackageProductDependency;
			package = E030C1032B23270100046C38 /* XCRemoteSwiftPackageReference "firebase-ios-sdk" */;
			productName = "FirebaseFunctionsCombine-Community";
		};
		E030C1262B23270100046C38 /* FirebaseInAppMessaging-Beta */ = {
			isa = XCSwiftPackageProductDependency;
			package = E030C1032B23270100046C38 /* XCRemoteSwiftPackageReference "firebase-ios-sdk" */;
			productName = "FirebaseInAppMessaging-Beta";
		};
		E030C1282B23270100046C38 /* FirebaseInAppMessagingSwift-Beta */ = {
			isa = XCSwiftPackageProductDependency;
			package = E030C1032B23270100046C38 /* XCRemoteSwiftPackageReference "firebase-ios-sdk" */;
			productName = "FirebaseInAppMessagingSwift-Beta";
		};
		E030C12A2B23270100046C38 /* FirebaseInstallations */ = {
			isa = XCSwiftPackageProductDependency;
			package = E030C1032B23270100046C38 /* XCRemoteSwiftPackageReference "firebase-ios-sdk" */;
			productName = FirebaseInstallations;
		};
		E030C12C2B23270100046C38 /* FirebaseMLModelDownloader */ = {
			isa = XCSwiftPackageProductDependency;
			package = E030C1032B23270100046C38 /* XCRemoteSwiftPackageReference "firebase-ios-sdk" */;
			productName = FirebaseMLModelDownloader;
		};
		E030C12E2B23270100046C38 /* FirebaseMessaging */ = {
			isa = XCSwiftPackageProductDependency;
			package = E030C1032B23270100046C38 /* XCRemoteSwiftPackageReference "firebase-ios-sdk" */;
			productName = FirebaseMessaging;
		};
		E030C1302B23270100046C38 /* FirebasePerformance */ = {
			isa = XCSwiftPackageProductDependency;
			package = E030C1032B23270100046C38 /* XCRemoteSwiftPackageReference "firebase-ios-sdk" */;
			productName = FirebasePerformance;
		};
		E030C1322B23270100046C38 /* FirebaseRemoteConfig */ = {
			isa = XCSwiftPackageProductDependency;
			package = E030C1032B23270100046C38 /* XCRemoteSwiftPackageReference "firebase-ios-sdk" */;
			productName = FirebaseRemoteConfig;
		};
		E030C1342B23270100046C38 /* FirebaseRemoteConfigSwift */ = {
			isa = XCSwiftPackageProductDependency;
			package = E030C1032B23270100046C38 /* XCRemoteSwiftPackageReference "firebase-ios-sdk" */;
			productName = FirebaseRemoteConfigSwift;
		};
		E030C1362B23270100046C38 /* FirebaseStorage */ = {
			isa = XCSwiftPackageProductDependency;
			package = E030C1032B23270100046C38 /* XCRemoteSwiftPackageReference "firebase-ios-sdk" */;
			productName = FirebaseStorage;
		};
		E030C1382B23270100046C38 /* FirebaseStorageCombine-Community */ = {
			isa = XCSwiftPackageProductDependency;
			package = E030C1032B23270100046C38 /* XCRemoteSwiftPackageReference "firebase-ios-sdk" */;
			productName = "FirebaseStorageCombine-Community";
		};
		E030C13D2B277F9200046C38 /* Loady */ = {
			isa = XCSwiftPackageProductDependency;
			package = E030C13C2B277F9200046C38 /* XCRemoteSwiftPackageReference "loady" */;
			productName = Loady;
		};
/* End XCSwiftPackageProductDependency section */
	};
	rootObject = E05248B42B17733900E8260C /* Project object */;
}
